
Microsoft Visual Studio Solution File, Format Version 12.00
# Visual Studio Version 17
VisualStudioVersion = 17.10.35013.160
MinimumVisualStudioVersion = 10.0.40219.1
Project("{F184B08F-C81C-45F6-A57F-5ABD9991F28F}") = "VB LAB 1", "VB LAB 1.vbproj", "{A0A9185F-DF66-4852-ACD4-EF2340F33F15}"
EndProject
Global
	GlobalSection(SolutionConfigurationPlatforms) = preSolution
		Debug|Any CPU = Debug|Any CPU
		Release|Any CPU = Release|Any CPU
	EndGlobalSection
	GlobalSection(ProjectConfigurationPlatforms) = postSolution
		{A0A9185F-DF66-4852-ACD4-EF2340F33F15}.Debug|Any CPU.ActiveCfg = Debug|Any CPU
		{A0A9185F-DF66-4852-ACD4-EF2340F33F15}.Debug|Any CPU.Build.0 = Debug|Any CPU
		{A0A9185F-DF66-4852-ACD4-EF2340F33F15}.Release|Any CPU.ActiveCfg = Release|Any CPU
		{A0A9185F-DF66-4852-ACD4-EF2340F33F15}.Release|Any CPU.Build.0 = Release|Any CPU
	EndGlobalSection
	GlobalSection(SolutionProperties) = preSolution
		HideSolutionNode = FALSE
	EndGlobalSection
	GlobalSection(ExtensibilityGlobals) = postSolution
		SolutionGuid = {9D4F13A7-CF1C-400D-9DFE-6F38CF229344}
	EndGlobalSection
EndGlobal
